
Microsoft Visual Studio Solution File, Format Version 12.00
# Visual Studio Version 17
VisualStudioVersion = 17.10.35027.167
MinimumVisualStudioVersion = 10.0.40219.1
Project("{778DAE3C-4631-46EA-AA77-85C1314464D9}") = "Screensaver", "Screensaver.vbproj", "{2C5E3429-BA9F-47A9-9FF3-DC4EA96AE7FA}"
EndProject
Global
	GlobalSection(SolutionConfigurationPlatforms) = preSolution
		Debug|Any CPU = Debug|Any CPU
		Release|Any CPU = Release|Any CPU
	EndGlobalSection
	GlobalSection(ProjectConfigurationPlatforms) = postSolution
		{2C5E3429-BA9F-47A9-9FF3-DC4EA96AE7FA}.Debug|Any CPU.ActiveCfg = Debug|Any CPU
		{2C5E3429-BA9F-47A9-9FF3-DC4EA96AE7FA}.Debug|Any CPU.Build.0 = Debug|Any CPU
		{2C5E3429-BA9F-47A9-9FF3-DC4EA96AE7FA}.Release|Any CPU.ActiveCfg = Release|Any CPU
		{2C5E3429-BA9F-47A9-9FF3-DC4EA96AE7FA}.Release|Any CPU.Build.0 = Release|Any CPU
	EndGlobalSection
	GlobalSection(SolutionProperties) = preSolution
		HideSolutionNode = FALSE
	EndGlobalSection
	GlobalSection(ExtensibilityGlobals) = postSolution
		SolutionGuid = {F2F61A82-1EE9-489F-80C6-22D4CF6B63C0}
	EndGlobalSection
EndGlobal
